<?xml version="1.0" encoding="utf-8"?>
<Project ToolsVersion="4.0" xmlns="http://schemas.microsoft.com/developer/msbuild/2003">
  <ItemGroup>
    <ClCompile Include="main.cpp" />
    <ClCompile Include="ThirdParty\include\glad\src\glad.c" />
    <ClCompile Include="ThirdParty\include\imgui\imgui.cpp" />
    <ClCompile Include="ThirdParty\include\imgui\imgui_demo.cpp" />
    <ClCompile Include="ThirdParty\include\imgui\imgui_draw.cpp" />
    <ClCompile Include="ThirdParty\include\imgui\imgui_impl_glfw.cpp" />
    <ClCompile Include="ThirdParty\include\imgui\imgui_impl_opengl3.cpp" />
    <ClCompile Include="ThirdParty\include\imgui\imgui_widgets.cpp" />
    <ClCompile Include="src\editor\Hierarchy.cpp" />
    <ClCompile Include="src\editor\Menu.cpp" />
    <ClCompile Include="src\editor\Panel.cpp" />
    <ClCompile Include="src\core\Window.cpp" />
    <ClCompile Include="src\core\Input.cpp" />
    <ClCompile Include="src\core\Transform.cpp" />
    <ClCompile Include="src\render\Camera.cpp" />
    <ClCompile Include="src\render\Texture.cpp" />
    <ClCompile Include="src\core\Entity.cpp" />
    <ClCompile Include="src\model\Sphere.cpp" />
    <ClCompile Include="src\model\Cube.cpp" />
    <ClCompile Include="game\game.cpp" />
    <ClCompile Include="src\render\RenderEngine.cpp" />
    <ClCompile Include="src\render\Shader.cpp" />
    <ClCompile Include="src\util\Util.cpp" />
    <ClCompile Include="src\component\LightCom.cpp" />
    <ClCompile Include="src\component\Material.cpp" />
    <ClCompile Include="src\util\SkyBox.cpp" />
    <ClCompile Include="src\render\FrameBuffer.cpp" />
    <ClCompile Include="src\core\Mesh.cpp" />
    <ClCompile Include="src\core\Model.cpp" />
    <ClCompile Include="src\editor\LayerMaterialPanel.cpp" />
    <ClCompile Include="src\core\DataPool.cpp" />
    <ClCompile Include="src\editor\FGDPanel.cpp" />
  </ItemGroup>
  <ItemGroup>
    <ClInclude Include="ThirdParty\include\imgui\imconfig.h" />
    <ClInclude Include="ThirdParty\include\imgui\imgui.h" />
    <ClInclude Include="ThirdParty\include\imgui\imgui_impl_glfw.h" />
    <ClInclude Include="ThirdParty\include\imgui\imgui_impl_opengl3.h" />
    <ClInclude Include="ThirdParty\include\imgui\imgui_internal.h" />
    <ClInclude Include="ThirdParty\include\imgui\imstb_rectpack.h" />
    <ClInclude Include="ThirdParty\include\imgui\imstb_textedit.h" />
    <ClInclude Include="ThirdParty\include\imgui\imstb_truetype.h" />
    <ClInclude Include="src\editor\Hierarchy.h" />
    <ClInclude Include="src\editor\Menu.h" />
    <ClInclude Include="src\editor\Panel.h" />
    <ClInclude Include="src\core\Window.h" />
    <ClInclude Include="src\core\Input.h" />
    <ClInclude Include="src\core\Quaternion.h" />
    <ClInclude Include="src\render\Shader.h" />
    <ClInclude Include="src\render\Camera.h" />
    <ClInclude Include="src\core\Transform.h" />
    <ClInclude Include="src\render\Texture.h" />
    <ClInclude Include="src\core\Entity.h" />
    <ClInclude Include="src\model\Sphere.h" />
    <ClInclude Include="src\model\Cube.h" />
    <ClInclude Include="game\game.h" />
    <ClInclude Include="src\core\Ref.h" />
    <ClInclude Include="src\render\Light.h" />
    <ClInclude Include="src\render\RenderEngine.h" />
    <ClInclude Include="src\render\Shadow.h" />
    <ClInclude Include="src\util\Util.h" />
    <ClInclude Include="src\model\Light.h" />
    <ClInclude Include="src\core\Component.h" />
    <ClInclude Include="src\component\LightCom.h" />
    <ClInclude Include="src\component\Material.h" />
    <ClInclude Include="src\util\SkyBox.h" />
    <ClInclude Include="src\render\FrameBuffer.h" />
    <ClInclude Include="src\core\Model.h" />
    <ClInclude Include="src\core\Mesh.h" />
    <ClInclude Include="src\editor\LayerMaterialPanel.h" />
    <ClInclude Include="src\editor\UI.h" />
    <ClInclude Include="src\core\DataPool.h" />
    <ClInclude Include="src\editor\FGDPanel.h" />
  </ItemGroup>
  <ItemGroup>
    <None Include="shader\forwardDirectional.vs" />
    <None Include="shader\light.glh" />
    <None Include="shader\sampling.glh" />
    <None Include="shader\forwardDirectional.fs" />
    <None Include="shader\forwardPoint.fs" />
    <None Include="shader\forwardAmbient.vs" />
    <None Include="shader\forwardAmbient.fs" />
    <None Include="shader\light.inc" />
    <None Include="shader\fxaa.vert" />
    <None Include="shader\fxaa.frag" />
    <None Include="shader\background.frag" />
    <None Include="shader\background.vert" />
    <None Include="shader\brdf.frag" />
    <None Include="shader\brdf.vert" />
    <None Include="shader\cubemap.vert" />
    <None Include="shader\equirectangular_to_cubemap.frag" />
    <None Include="shader\irradiance_convolution.frag" />
    <None Include="shader\prefilter.frag" />
    <None Include="shader\ibl.frag" />
    <None Include="shader\default.vert" />
    <None Include="shader\default.frag" />
    <None Include="shader\pbr.frag" />
    <None Include="shader\pbr.vert" />
    <None Include="shader\shadowmapgen.frag" />
    <None Include="shader\shadowmapgen.vert" />
    <None Include="shader\layered_material.frag" />
    <None Include="shader\filter_null.frag" />
    <None Include="shader\filter_null.vert" />
    <None Include="shader\random.shader" />
    <None Include="shader\layer.shader" />
    <None Include="shader\compute-FGD.frag" />
    <None Include="shader\common.shader" />
    <None Include="shader\brdf.shader" />
  </ItemGroup>
</Project>